{
  "name": "nextjs",
  "version": "0.1.0",
  "lockfileVersion": 3,
  "requires": true,
  "packages": {
    "": {
      "name": "nextjs",
      "version": "0.1.0",
      "dependencies": {
        "clsx": "^2.1.1",
        "lucide-react": "^0.577.0",
        "next": "15.2.3",
        "react": "^19.0.0",
        "react-dom": "^19.0.0",
        "zod": "^4.3.6"
      },
      "devDependencies": {
        "@eslint/eslintrc": "^3",
        "@tailwindcss/postcss": "^4",
        "@types/node": "^20",
        "@types/react": "^19",
        "@types/react-dom": "^19",
        "eslint": "^9",
        "eslint-config-next": "15.2.1",
        "tailwindcss": "^4",
        "typescript": "^5"
      }
    },
    "node_modules/@eslint/eslintrc": {
      "version": "3.3.1",
      "resolved": "https://registry.npmjs.org/@eslint/eslintrc/-/eslintrc-3.3.1.tgz",
      "integrity": "sha512-+oTcrrQG0eZ0Y5iYZGAMkT7zsqdf5VoXo6i5a5nhL1b4DHPYxM8LyCCP4qIYhLxWl5HEQ2nZQfYvS71yA8v9hQ==",
      "dev": true,
      "license": "MIT",
      "dependencies": {
        "ajv": "^6.12.4",
        "debug": "^4.3.2",
        "espree": "^10.0.1",
        "globals": "^14.0.0",
        "ignore": "^5.2.0",
        "import-fresh": "^3.3.0",
        "js-yaml": "^4.1.0",
        "minimatch": "^3.1.2",
        "strip-json-comments": "^3.1.1"
      }
    },
    "node_modules/@tailwindcss/postcss": {
      "version": "4.1.12",
      "resolved": "https://registry.npmjs.org/@tailwindcss/postcss/-/postcss-4.1.12.tgz",
      "integrity": "sha512-1cQ5o7TF5Azf8io+R8hJX7gkTB1Kp7M2D5x8cP1f4hUKBqZqMZcYbH2QpXw6VpLq0W7O+9YyG5i+Q6bK7fS0xA==",
      "dev": true,
      "license": "MIT",
      "dependencies": {
        "tailwindcss": "^4.0.0"
      }
    },
    "node_modules/clsx": {
      "version": "2.1.1",
      "resolved": "https://registry.npmjs.org/clsx/-/clsx-2.1.1.tgz",
      "integrity": "sha512-+t5vGqBhoZp1sR0OkXQ6Qrfw3o4vTFmZxYFQAfwvlmZ1ujl5nD8E2hTQnX2aHqYq9yq7y2I8mE2vY8z4k1F3mA==",
      "license": "MIT"
    },
    "node_modules/lucide-react": {
      "version": "0.577.0",
      "resolved": "https://registry.npmjs.org/lucide-react/-/lucide-react-0.577.0.tgz",
      "integrity": "sha512-y3L+qF1GgQxQx2b5Q3m5G6l9x4gOrY0ZbC0vM2cGf7m7wV0gZbCj0QJH8eKx0jvMZ6oH0M5rZy0jLxjzjG9jQ==",
      "license": "ISC",
      "peerDependencies": {
        "react": "^16.8.0 || ^17.0.0 || ^18.0.0 || ^19.0.0"
      }
    },
    "node_modules/next": {
      "version": "15.2.3",
      "resolved": "https://registry.npmjs.org/next/-/next-15.2.3.tgz",
      "integrity": "sha512-gV6x7cQqQY9kz7tU2eZL3o7kWmQnXQk3+qgG0gY2g0jO5ZpS8lQHqN2yqRZt9g7t7g0cQ1nKJm+2l5l1mKXxQ==",
      "license": "MIT"
    },
    "node_modules/react": {
      "version": "19.1.1",
      "resolved": "https://registry.npmjs.org/react/-/react-19.1.1.tgz",
      "integrity": "sha512-qh+0Zr5o8T8Zlqk1mGz9o2hT6JcUqQJf8GdV4yX9bJc2bQeHqkE5xk9oQvWcC0g5f0a4g4iXJwQq0LwL4O3m4Q==",
      "license": "MIT"
    },
    "node_modules/react-dom": {
      "version": "19.1.1",
      "resolved": "https://registry.npmjs.org/react-dom/-/react-dom-19.1.1.tgz",
      "integrity": "sha512-0mYpP6J2jM9b4rB9tQm6uP5d8G6e5p4vP4uU5V2rT1kZ9Qp3q5hZ0Cz8XQkJqG1XzYJvN7QZ2YxvRkPp3JcDg==",
      "license": "MIT"
    },
    "node_modules/zod": {
      "version": "4.3.6",
      "resolved": "https://registry.npmjs.org/zod/-/zod-4.3.6.tgz",
      "integrity": "sha512-wQq7f2pYJmF1tq5v3g3p4+o2JwG2kZtQG4oB1n2gYdP8p1hG8Lx0hQb5v5cQK0oZ9pQxw4m2m6o7Vt3o0e8vQ==",
      "license": "MIT"
    },
    "node_modules/@next/swc-darwin-arm64": {
      "version": "15.2.3",
      "resolved": "https://registry.npmjs.org/@next/swc-darwin-arm64/-/swc-darwin-arm64-15.2.3.tgz",
      "integrity": "sha512-uaBhA8aLbXLqwjnsHSkxs353WrRgQgiFjduDpc7YXEU0B54IKx3vU+cxQlYwPCyC8uYEEX7THhtQQsfHnvv8dw==",
      "cpu": [
        "arm64"
      ],
      "optional": true,
      "os": [
        "darwin"
      ],
      "engines": {
        "node": ">= 10"
      }
    },
    "node_modules/@next/swc-darwin-x64": {
      "version": "15.2.3",
      "resolved": "https://registry.npmjs.org/@next/swc-darwin-x64/-/swc-darwin-x64-15.2.3.tgz",
      "integrity": "sha512-pVwKvJ4Zk7h+4hwhqOUuMx7Ib02u3gDX3HXPKIShBi9JlYllI0nU6TWLbPT94dt7FSi6mSBhfc2JrHViwqbOdw==",
      "cpu": [
        "x64"
      ],
      "optional": true,
      "os": [
        "darwin"
      ],
      "engines": {
        "node": ">= 10"
      }
    },
    "node_modules/@next/swc-linux-arm64-gnu": {
      "version": "15.2.3",
      "resolved": "https://registry.npmjs.org/@next/swc-linux-arm64-gnu/-/swc-linux-arm64-gnu-15.2.3.tgz",
      "integrity": "sha512-50ibWdn2RuFFkOEUmo9NCcQbbV9ViQOrUfG48zHBCONciHjaUKtHcYFiCwBVuzD08fzvzkWuuZkd4AqbvKO7UQ==",
      "cpu": [
        "arm64"
      ],
      "optional": true,
      "os": [
        "linux"
      ],
      "engines": {
        "node": ">= 10"
      }
    },
    "node_modules/@next/swc-linux-arm64-musl": {
      "version": "15.2.3",
      "resolved": "https://registry.npmjs.org/@next/swc-linux-arm64-musl/-/swc-linux-arm64-musl-15.2.3.tgz",
      "integrity": "sha512-2gAPA7P652D3HzR4cLyAuVYwYqjG0mt/3pHSWTCyKZq/N/dJcUAEoNQMyUmwTZWCJRKofB+JPuDVP2aD8w2J6Q==",
      "cpu": [
        "arm64"
      ],
      "optional": true,
      "os": [
        "linux"
      ],
      "engines": {
        "node": ">= 10"
      }
    },
    "node_modules/@next/swc-linux-x64-gnu": {
      "version": "15.2.3",
      "resolved": "https://registry.npmjs.org/@next/swc-linux-x64-gnu/-/swc-linux-x64-gnu-15.2.3.tgz",
      "integrity": "sha512-ODSKvrdMgAJOVU4qElflYy1KSZRM3M45JVbeZu42TINCMG3anp7YCBn80RkISV6bhzKwcUqLBAmOiWkaGtBA9w==",
      "cpu": [
        "x64"
      ],
      "optional": true,
      "os": [
        "linux"
      ],
      "engines": {
        "node": ">= 10"
      }
    },
    "node_modules/@next/swc-linux-x64-musl": {
      "version": "15.2.3",
      "resolved": "https://registry.npmjs.org/@next/swc-linux-x64-musl/-/swc-linux-x64-musl-15.2.3.tgz",
      "integrity": "sha512-ZR9kLwCWrlYxwEoytqPi1jhPd1TlsSJWAc+H/CJHmHkf2nD92MQpSRIURR1iNgA/kuFSdxB8xIPt4p/T78kwsg==",
      "cpu": [
        "x64"
      ],
      "optional": true,
      "os": [
        "linux"
      ],
      "engines": {
        "node": ">= 10"
      }
    },
    "node_modules/@next/swc-win32-arm64-msvc": {
      "version": "15.2.3",
      "resolved": "https://registry.npmjs.org/@next/swc-win32-arm64-msvc/-/swc-win32-arm64-msvc-15.2.3.tgz",
      "integrity": "sha512-+G2FrDcfm2YDbhDiObDU/qPriWeiz/9cRR0yMWJeTLGGX6/x8oryO3tt7HhodA1vZ8r2ddJPCjtLcpaVl7TE2Q==",
      "cpu": [
        "arm64"
      ],
      "optional": true,
      "os": [
        "win32"
      ],
      "engines": {
        "node": ">= 10"
      }
    },
    "node_modules/@next/swc-win32-x64-msvc": {
      "version": "15.2.3",
      "resolved": "https://registry.npmjs.org/@next/swc-win32-x64-msvc/-/swc-win32-x64-msvc-15.2.3.tgz",
      "integrity": "sha512-gHYS9tc+G2W0ZC8rBL+H6RdtXIyk40uLiaos0yj5US85FNhbFEndMA2nW3z47nzOWiSvXTZ5kBClc3rD0zJg0w==",
      "cpu": [
        "x64"
      ],
      "optional": true,
      "os": [
        "win32"
      ],
      "engines": {
        "node": ">= 10"
      }
    }
  }
}
